// !$*UTF8*$!
{
	archiveVersion = 1;
	classes = {
	};
	objectVersion = 50;
	objects = {

/* Begin PBXBuildFile section */
		EC6D4B01268271B00069B293 /* AppDelegate.m in Sources */ = {isa = PBXBuildFile; fileRef = EC6D4B00268271B00069B293 /* AppDelegate.m */; };
		EC6D4B04268271B00069B293 /* SceneDelegate.m in Sources */ = {isa = PBXBuildFile; fileRef = EC6D4B03268271B00069B293 /* SceneDelegate.m */; };
		EC6D4B0A268271B00069B293 /* Main.storyboard in Resources */ = {isa = PBXBuildFile; fileRef = EC6D4B08268271B00069B293 /* Main.storyboard */; };
		EC6D4B0C268271B10069B293 /* Assets.xcassets in Resources */ = {isa = PBXBuildFile; fileRef = EC6D4B0B268271B10069B293 /* Assets.xcassets */; };
		EC6D4B0F268271B10069B293 /* LaunchScreen.storyboard in Resources */ = {isa = PBXBuildFile; fileRef = EC6D4B0D268271B10069B293 /* LaunchScreen.storyboard */; };
		EC6D4B12268271B10069B293 /* main.m in Sources */ = {isa = PBXBuildFile; fileRef = EC6D4B11268271B10069B293 /* main.m */; };
		EC6D4B1C268271B10069B293 /* Tip_CalculatorTests.m in Sources */ = {isa = PBXBuildFile; fileRef = EC6D4B1B268271B10069B293 /* Tip_CalculatorTests.m */; };
		EC6D4B27268271B10069B293 /* Tip_CalculatorUITests.m in Sources */ = {isa = PBXBuildFile; fileRef = EC6D4B26268271B10069B293 /* Tip_CalculatorUITests.m */; };
		EC6D4B3626827B3A0069B293 /* TipViewController.m in Sources */ = {isa = PBXBuildFile; fileRef = EC6D4B3526827B3A0069B293 /* TipViewController.m */; };
/* End PBXBuildFile section */

/* Begin PBXContainerItemProxy section */
		EC6D4B18268271B10069B293 /* PBXContainerItemProxy */ = {
			isa = PBXContainerItemProxy;
			containerPortal = EC6D4AF4268271B00069B293 /* Project object */;
			proxyType = 1;
			remoteGlobalIDString = EC6D4AFB268271B00069B293;
			remoteInfo = "Tip Calculator";
		};
		EC6D4B23268271B10069B293 /* PBXContainerItemProxy */ = {
			isa = PBXContainerItemProxy;
			containerPortal = EC6D4AF4268271B00069B293 /* Project object */;
			proxyType = 1;
			remoteGlobalIDString = EC6D4AFB268271B00069B293;
			remoteInfo = "Tip Calculator";
		};
/* End PBXContainerItemProxy section */

/* Begin PBXFileReference section */
		EC6D4AFC268271B00069B293 /* Tip Calculator.app */ = {isa = PBXFileReference; explicitFileType = wrapper.application; includeInIndex = 0; path = "Tip Calculator.app"; sourceTree = BUILT_PRODUCTS_DIR; };
		EC6D4AFF268271B00069B293 /* AppDelegate.h */ = {isa = PBXFileReference; lastKnownFileType = sourcecode.c.h; path = AppDelegate.h; sourceTree = "<group>"; };
		EC6D4B00268271B00069B293 /* AppDelegate.m */ = {isa = PBXFileReference; lastKnownFileType = sourcecode.c.objc; path = AppDelegate.m; sourceTree = "<group>"; };
		EC6D4B02268271B00069B293 /* SceneDelegate.h */ = {isa = PBXFileReference; lastKnownFileType = sourcecode.c.h; path = SceneDelegate.h; sourceTree = "<group>"; };
		EC6D4B03268271B00069B293 /* SceneDelegate.m */ = {isa = PBXFileReference; lastKnownFileType = sourcecode.c.objc; path = SceneDelegate.m; sourceTree = "<group>"; };
		EC6D4B09268271B00069B293 /* Base */ = {isa = PBXFileReference; lastKnownFileType = file.storyboard; name = Base; path = Base.lproj/Main.storyboard; sourceTree = "<group>"; };
		EC6D4B0B268271B10069B293 /* Assets.xcassets */ = {isa = PBXFileReference; lastKnownFileType = folder.assetcatalog; path = Assets.xcassets; sourceTree = "<group>"; };
		EC6D4B0E268271B10069B293 /* Base */ = {isa = PBXFileReference; lastKnownFileType = file.storyboard; name = Base; path = Base.lproj/LaunchScreen.storyboard; sourceTree = "<group>"; };
		EC6D4B10268271B10069B293 /* Info.plist */ = {isa = PBXFileReference; lastKnownFileType = text.plist.xml; path = Info.plist; sourceTree = "<group>"; };
		EC6D4B11268271B10069B293 /* main.m */ = {isa = PBXFileReference; lastKnownFileType = sourcecode.c.objc; path = main.m; sourceTree = "<group>"; };
		EC6D4B17268271B10069B293 /* Tip CalculatorTests.xctest */ = {isa = PBXFileReference; explicitFileType = wrapper.cfbundle; includeInIndex = 0; path = "Tip CalculatorTests.xctest"; sourceTree = BUILT_PRODUCTS_DIR; };
		EC6D4B1B268271B10069B293 /* Tip_CalculatorTests.m */ = {isa = PBXFileReference; lastKnownFileType = sourcecode.c.objc; path = Tip_CalculatorTests.m; sourceTree = "<group>"; };
		EC6D4B1D268271B10069B293 /* Info.plist */ = {isa = PBXFileReference; lastKnownFileType = text.plist.xml; path = Info.plist; sourceTree = "<group>"; };
		EC6D4B22268271B10069B293 /* Tip CalculatorUITests.xctest */ = {isa = PBXFileReference; explicitFileType = wrapper.cfbundle; includeInIndex = 0; path = "Tip CalculatorUITests.xctest"; sourceTree = BUILT_PRODUCTS_DIR; };
		EC6D4B26268271B10069B293 /* Tip_CalculatorUITests.m */ = {isa = PBXFileReference; lastKnownFileType = sourcecode.c.objc; path = Tip_CalculatorUITests.m; sourceTree = "<group>"; };
		EC6D4B28268271B10069B293 /* Info.plist */ = {isa = PBXFileReference; lastKnownFileType = text.plist.xml; path = Info.plist; sourceTree = "<group>"; };
		EC6D4B3426827B390069B293 /* TipViewController.h */ = {isa = PBXFileReference; lastKnownFileType = sourcecode.c.h; path = TipViewController.h; sourceTree = "<group>"; };
		EC6D4B3526827B3A0069B293 /* TipViewController.m */ = {isa = PBXFileReference; lastKnownFileType = sourcecode.c.objc; path = TipViewController.m; sourceTree = "<group>"; };
/* End PBXFileReference section */

/* Begin PBXFrameworksBuildPhase section */
		EC6D4AF9268271B00069B293 /* Frameworks */ = {
			isa = PBXFrameworksBuildPhase;
			buildActionMask = 2147483647;
			files = (
			);
			runOnlyForDeploymentPostprocessing = 0;
		};
		EC6D4B14268271B10069B293 /* Frameworks */ = {
			isa = PBXFrameworksBuildPhase;
			buildActionMask = 2147483647;
			files = (
			);
			runOnlyForDeploymentPostprocessing = 0;
		};
		EC6D4B1F268271B10069B293 /* Frameworks */ = {
			isa = PBXFrameworksBuildPhase;
			buildActionMask = 2147483647;
			files = (
			);
			runOnlyForDeploymentPostprocessing = 0;
		};
/* End PBXFrameworksBuildPhase section */

/* Begin PBXGroup section */
		EC6D4AF3268271B00069B293 = {
			isa = PBXGroup;
			children = (
				EC6D4AFE268271B00069B293 /* Tip Calculator */,
				EC6D4B1A268271B10069B293 /* Tip CalculatorTests */,
				EC6D4B25268271B10069B293 /* Tip CalculatorUITests */,
				EC6D4AFD268271B00069B293 /* Products */,
			);
			sourceTree = "<group>";
		};
		EC6D4AFD268271B00069B293 /* Products */ = {
			isa = PBXGroup;
			children = (
				EC6D4AFC268271B00069B293 /* Tip Calculator.app */,
				EC6D4B17268271B10069B293 /* Tip CalculatorTests.xctest */,
				EC6D4B22268271B10069B293 /* Tip CalculatorUITests.xctest */,
			);
			name = Products;
			sourceTree = "<group>";
		};
		EC6D4AFE268271B00069B293 /* Tip Calculator */ = {
			isa = PBXGroup;
			children = (
				EC6D4AFF268271B00069B293 /* AppDelegate.h */,
				EC6D4B00268271B00069B293 /* AppDelegate.m */,
				EC6D4B02268271B00069B293 /* SceneDelegate.h */,
				EC6D4B03268271B00069B293 /* SceneDelegate.m */,
				EC6D4B08268271B00069B293 /* Main.storyboard */,
				EC6D4B3426827B390069B293 /* TipViewController.h */,
				EC6D4B3526827B3A0069B293 /* TipViewController.m */,
				EC6D4B0B268271B10069B293 /* Assets.xcassets */,
				EC6D4B0D268271B10069B293 /* LaunchScreen.storyboard */,
				EC6D4B10268271B10069B293 /* Info.plist */,
				EC6D4B11268271B10069B293 /* main.m */,
			);
			path = "Tip Calculator";
			sourceTree = "<group>";
		};
		EC6D4B1A268271B10069B293 /* Tip CalculatorTests */ = {
			isa = PBXGroup;
			children = (
				EC6D4B1B268271B10069B293 /* Tip_CalculatorTests.m */,
				EC6D4B1D268271B10069B293 /* Info.plist */,
			);
			path = "Tip CalculatorTests";
			sourceTree = "<group>";
		};
		EC6D4B25268271B10069B293 /* Tip CalculatorUITests */ = {
			isa = PBXGroup;
			children = (
				EC6D4B26268271B10069B293 /* Tip_CalculatorUITests.m */,
				EC6D4B28268271B10069B293 /* Info.plist */,
			);
			path = "Tip CalculatorUITests";
			sourceTree = "<group>";
		};
/* End PBXGroup section */

/* Begin PBXNativeTarget section */
		EC6D4AFB268271B00069B293 /* Tip Calculator */ = {
			isa = PBXNativeTarget;
			buildConfigurationList = EC6D4B2B268271B10069B293 /* Build configuration list for PBXNativeTarget "Tip Calculator" */;
			buildPhases = (
				EC6D4AF8268271B00069B293 /* Sources */,
				EC6D4AF9268271B00069B293 /* Frameworks */,
				EC6D4AFA268271B00069B293 /* Resources */,
			);
			buildRules = (
			);
			dependencies = (
			);
			name = "Tip Calculator";
			productName = "Tip Calculator";
			productReference = EC6D4AFC268271B00069B293 /* Tip Calculator.app */;
			productType = "com.apple.product-type.application";
		};
		EC6D4B16268271B10069B293 /* Tip CalculatorTests */ = {
			isa = PBXNativeTarget;
			buildConfigurationList = EC6D4B2E268271B10069B293 /* Build configuration list for PBXNativeTarget "Tip CalculatorTests" */;
			buildPhases = (
				EC6D4B13268271B10069B293 /* Sources */,
				EC6D4B14268271B10069B293 /* Frameworks */,
				EC6D4B15268271B10069B293 /* Resources */,
			);
			buildRules = (
			);
			dependencies = (
				EC6D4B19268271B10069B293 /* PBXTargetDependency */,
			);
			name = "Tip CalculatorTests";
			productName = "Tip CalculatorTests";
			productReference = EC6D4B17268271B10069B293 /* Tip CalculatorTests.xctest */;
			productType = "com.apple.product-type.bundle.unit-test";
		};
		EC6D4B21268271B10069B293 /* Tip CalculatorUITests */ = {
			isa = PBXNativeTarget;
			buildConfigurationList = EC6D4B31268271B10069B293 /* Build configuration list for PBXNativeTarget "Tip CalculatorUITests" */;
			buildPhases = (
				EC6D4B1E268271B10069B293 /* Sources */,
				EC6D4B1F268271B10069B293 /* Frameworks */,
				EC6D4B20268271B10069B293 /* Resources */,
			);
			buildRules = (
			);
			dependencies = (
				EC6D4B24268271B10069B293 /* PBXTargetDependency */,
			);
			name = "Tip CalculatorUITests";
			productName = "Tip CalculatorUITests";
			productReference = EC6D4B22268271B10069B293 /* Tip CalculatorUITests.xctest */;
			productType = "com.apple.product-type.bundle.ui-testing";
		};
/* End PBXNativeTarget section */

/* Begin PBXProject section */
		EC6D4AF4268271B00069B293 /* Project object */ = {
			isa = PBXProject;
			attributes = {
				LastUpgradeCheck = 1250;
				TargetAttributes = {
					EC6D4AFB268271B00069B293 = {
						CreatedOnToolsVersion = 12.5.1;
					};
					EC6D4B16268271B10069B293 = {
						CreatedOnToolsVersion = 12.5.1;
						TestTargetID = EC6D4AFB268271B00069B293;
					};
					EC6D4B21268271B10069B293 = {
						CreatedOnToolsVersion = 12.5.1;
						TestTargetID = EC6D4AFB268271B00069B293;
					};
				};
			};
			buildConfigurationList = EC6D4AF7268271B00069B293 /* Build configuration list for PBXProject "Tip Calculator" */;
			compatibilityVersion = "Xcode 9.3";
			developmentRegion = en;
			hasScannedForEncodings = 0;
			knownRegions = (
				en,
				Base,
			);
			mainGroup = EC6D4AF3268271B00069B293;
			productRefGroup = EC6D4AFD268271B00069B293 /* Products */;
			projectDirPath = "";
			projectRoot = "";
			targets = (
				EC6D4AFB268271B00069B293 /* Tip Calculator */,
				EC6D4B16268271B10069B293 /* Tip CalculatorTests */,
				EC6D4B21268271B10069B293 /* Tip CalculatorUITests */,
			);
		};
/* End PBXProject section */

/* Begin PBXResourcesBuildPhase section */
		EC6D4AFA268271B00069B293 /* Resources */ = {
			isa = PBXResourcesBuildPhase;
			buildActionMask = 2147483647;
			files = (
				EC6D4B0F268271B10069B293 /* LaunchScreen.storyboard in Resources */,
				EC6D4B0C268271B10069B293 /* Assets.xcassets in Resources */,
				EC6D4B0A268271B00069B293 /* Main.storyboard in Resources */,
			);
			runOnlyForDeploymentPostprocessing = 0;
		};
		EC6D4B15268271B10069B293 /* Resources */ = {
			isa = PBXResourcesBuildPhase;
			buildActionMask = 2147483647;
			files = (
			);
			runOnlyForDeploymentPostprocessing = 0;
		};
		EC6D4B20268271B10069B293 /* Resources */ = {
			isa = PBXResourcesBuildPhase;
			buildActionMask = 2147483647;
			files = (
			);
			runOnlyForDeploymentPostprocessing = 0;
		};
/* End PBXResourcesBuildPhase section */

/* Begin PBXSourcesBuildPhase section */
		EC6D4AF8268271B00069B293 /* Sources */ = {
			isa = PBXSourcesBuildPhase;
			buildActionMask = 2147483647;
			files = (
				EC6D4B01268271B00069B293 /* AppDelegate.m in Sources */,
				EC6D4B12268271B10069B293 /* main.m in Sources */,
				EC6D4B3626827B3A0069B293 /* TipViewController.m in Sources */,
				EC6D4B04268271B00069B293 /* SceneDelegate.m in Sources */,
			);
			runOnlyForDeploymentPostprocessing = 0;
		};
		EC6D4B13268271B10069B293 /* Sources */ = {
			isa = PBXSourcesBuildPhase;
			buildActionMask = 2147483647;
			files = (
				EC6D4B1C268271B10069B293 /* Tip_CalculatorTests.m in Sources */,
			);
			runOnlyForDeploymentPostprocessing = 0;
		};
		EC6D4B1E268271B10069B293 /* Sources */ = {
			isa = PBXSourcesBuildPhase;
			buildActionMask = 2147483647;
			files = (
				EC6D4B27268271B10069B293 /* Tip_CalculatorUITests.m in Sources */,
			);
			runOnlyForDeploymentPostprocessing = 0;
		};
/* End PBXSourcesBuildPhase section */

/* Begin PBXTargetDependency section */
		EC6D4B19268271B10069B293 /* PBXTargetDependency */ = {
			isa = PBXTargetDependency;
			target = EC6D4AFB268271B00069B293 /* Tip Calculator */;
			targetProxy = EC6D4B18268271B10069B293 /* PBXContainerItemProxy */;
		};
		EC6D4B24268271B10069B293 /* PBXTargetDependency */ = {
			isa = PBXTargetDependency;
			target = EC6D4AFB268271B00069B293 /* Tip Calculator */;
			targetProxy = EC6D4B23268271B10069B293 /* PBXContainerItemProxy */;
		};
/* End PBXTargetDependency section */

/* Begin PBXVariantGroup section */
		EC6D4B08268271B00069B293 /* Main.storyboard */ = {
			isa = PBXVariantGroup;
			children = (
				EC6D4B09268271B00069B293 /* Base */,
			);
			name = Main.storyboard;
			sourceTree = "<group>";
		};
		EC6D4B0D268271B10069B293 /* LaunchScreen.storyboard */ = {
			isa = PBXVariantGroup;
			children = (
				EC6D4B0E268271B10069B293 /* Base */,
			);
			name = LaunchScreen.storyboard;
			sourceTree = "<group>";
		};
/* End PBXVariantGroup section */

/* Begin XCBuildConfiguration section */
		EC6D4B29268271B10069B293 /* Debug */ = {
			isa = XCBuildConfiguration;
			buildSettings = {
				ALWAYS_SEARCH_USER_PATHS = NO;
				CLANG_ANALYZER_NONNULL = YES;
				CLANG_ANALYZER_NUMBER_OBJECT_CONVERSION = YES_AGGRESSIVE;
				CLANG_CXX_LANGUAGE_STANDARD = "gnu++14";
				CLANG_CXX_LIBRARY = "libc++";
				CLANG_ENABLE_MODULES = YES;
				CLANG_ENABLE_OBJC_ARC = YES;
				CLANG_ENABLE_OBJC_WEAK = YES;
				CLANG_WARN_BLOCK_CAPTURE_AUTORELEASING = YES;
				CLANG_WARN_BOOL_CONVERSION = YES;
				CLANG_WARN_COMMA = YES;
				CLANG_WARN_CONSTANT_CONVERSION = YES;
				CLANG_WARN_DEPRECATED_OBJC_IMPLEMENTATIONS = YES;
				CLANG_WARN_DIRECT_OBJC_ISA_USAGE = YES_ERROR;
				CLANG_WARN_DOCUMENTATION_COMMENTS = YES;
				CLANG_WARN_EMPTY_BODY = YES;
				CLANG_WARN_ENUM_CONVERSION = YES;
				CLANG_WARN_INFINITE_RECURSION = YES;
				CLANG_WARN_INT_CONVERSION = YES;
				CLANG_WARN_NON_LITERAL_NULL_CONVERSION = YES;
				CLANG_WARN_OBJC_IMPLICIT_RETAIN_SELF = YES;
				CLANG_WARN_OBJC_LITERAL_CONVERSION = YES;
				CLANG_WARN_OBJC_ROOT_CLASS = YES_ERROR;
				CLANG_WARN_QUOTED_INCLUDE_IN_FRAMEWORK_HEADER = YES;
				CLANG_WARN_RANGE_LOOP_ANALYSIS = YES;
				CLANG_WARN_STRICT_PROTOTYPES = YES;
				CLANG_WARN_SUSPICIOUS_MOVE = YES;
				CLANG_WARN_UNGUARDED_AVAILABILITY = YES_AGGRESSIVE;
				CLANG_WARN_UNREACHABLE_CODE = YES;
				CLANG_WARN__DUPLICATE_METHOD_MATCH = YES;
				COPY_PHASE_STRIP = NO;
				DEBUG_INFORMATION_FORMAT = dwarf;
				ENABLE_STRICT_OBJC_MSGSEND = YES;
				ENABLE_TESTABILITY = YES;
				GCC_C_LANGUAGE_STANDARD = gnu11;
				GCC_DYNAMIC_NO_PIC = NO;
				GCC_NO_COMMON_BLOCKS = YES;
				GCC_OPTIMIZATION_LEVEL = 0;
				GCC_PREPROCESSOR_DEFINITIONS = (
					"DEBUG=1",
					"$(inherited)",
				);
				GCC_WARN_64_TO_32_BIT_CONVERSION = YES;
				GCC_WARN_ABOUT_RETURN_TYPE = YES_ERROR;
				GCC_WARN_UNDECLARED_SELECTOR = YES;
				GCC_WARN_UNINITIALIZED_AUTOS = YES_AGGRESSIVE;
				GCC_WARN_UNUSED_FUNCTION = YES;
				GCC_WARN_UNUSED_VARIABLE = YES;
				IPHONEOS_DEPLOYMENT_TARGET = 14.5;
				MTL_ENABLE_DEBUG_INFO = INCLUDE_SOURCE;
				MTL_FAST_MATH = YES;
				ONLY_ACTIVE_ARCH = YES;
				SDKROOT = iphoneos;
			};
			name = Debug;
		};
		EC6D4B2A268271B10069B293 /* Release */ = {
			isa = XCBuildConfiguration;
			buildSettings = {
				ALWAYS_SEARCH_USER_PATHS = NO;
				CLANG_ANALYZER_NONNULL = YES;
				CLANG_ANALYZER_NUMBER_OBJECT_CONVERSION = YES_AGGRESSIVE;
				CLANG_CXX_LANGUAGE_STANDARD = "gnu++14";
				CLANG_CXX_LIBRARY = "libc++";
				CLANG_ENABLE_MODULES = YES;
				CLANG_ENABLE_OBJC_ARC = YES;
				CLANG_ENABLE_OBJC_WEAK = YES;
				CLANG_WARN_BLOCK_CAPTURE_AUTORELEASING = YES;
				CLANG_WARN_BOOL_CONVERSION = YES;
				CLANG_WARN_COMMA = YES;
				CLANG_WARN_CONSTANT_CONVERSION = YES;
				CLANG_WARN_DEPRECATED_OBJC_IMPLEMENTATIONS = YES;
				CLANG_WARN_DIRECT_OBJC_ISA_USAGE = YES_ERROR;
				CLANG_WARN_DOCUMENTATION_COMMENTS = YES;
				CLANG_WARN_EMPTY_BODY = YES;
				CLANG_WARN_ENUM_CONVERSION = YES;
				CLANG_WARN_INFINITE_RECURSION = YES;
				CLANG_WARN_INT_CONVERSION = YES;
				CLANG_WARN_NON_LITERAL_NULL_CONVERSION = YES;
				CLANG_WARN_OBJC_IMPLICIT_RETAIN_SELF = YES;
				CLANG_WARN_OBJC_LITERAL_CONVERSION = YES;
				CLANG_WARN_OBJC_ROOT_CLASS = YES_ERROR;
				CLANG_WARN_QUOTED_INCLUDE_IN_FRAMEWORK_HEADER = YES;
				CLANG_WARN_RANGE_LOOP_ANALYSIS = YES;
				CLANG_WARN_STRICT_PROTOTYPES = YES;
				CLANG_WARN_SUSPICIOUS_MOVE = YES;
				CLANG_WARN_UNGUARDED_AVAILABILITY = YES_AGGRESSIVE;
				CLANG_WARN_UNREACHABLE_CODE = YES;
				CLANG_WARN__DUPLICATE_METHOD_MATCH = YES;
				COPY_PHASE_STRIP = NO;
				DEBUG_INFORMATION_FORMAT = "dwarf-with-dsym";
				ENABLE_NS_ASSERTIONS = NO;
				ENABLE_STRICT_OBJC_MSGSEND = YES;
				GCC_C_LANGUAGE_STANDARD = gnu11;
				GCC_NO_COMMON_BLOCKS = YES;
				GCC_WARN_64_TO_32_BIT_CONVERSION = YES;
				GCC_WARN_ABOUT_RETURN_TYPE = YES_ERROR;
				GCC_WARN_UNDECLARED_SELECTOR = YES;
				GCC_WARN_UNINITIALIZED_AUTOS = YES_AGGRESSIVE;
				GCC_WARN_UNUSED_FUNCTION = YES;
				GCC_WARN_UNUSED_VARIABLE = YES;
				IPHONEOS_DEPLOYMENT_TARGET = 14.5;
				MTL_ENABLE_DEBUG_INFO = NO;
				MTL_FAST_MATH = YES;
				SDKROOT = iphoneos;
				VALIDATE_PRODUCT = YES;
			};
			name = Release;
		};
		EC6D4B2C268271B10069B293 /* Debug */ = {
			isa = XCBuildConfiguration;
			buildSettings = {
				ASSETCATALOG_COMPILER_APPICON_NAME = AppIcon;
				ASSETCATALOG_COMPILER_GLOBAL_ACCENT_COLOR_NAME = AccentColor;
				CODE_SIGN_STYLE = Automatic;
				DEVELOPMENT_TEAM = BBK4Y8S9Z5;
				INFOPLIST_FILE = "Tip Calculator/Info.plist";
				LD_RUNPATH_SEARCH_PATHS = (
					"$(inherited)",
					"@executable_path/Frameworks",
				);
				PRODUCT_BUNDLE_IDENTIFIER = "com.facebook.Tip-Calculator";
				PRODUCT_NAME = "$(TARGET_NAME)";
				TARGETED_DEVICE_FAMILY = "1,2";
			};
			name = Debug;
		};
		EC6D4B2D268271B10069B293 /* Release */ = {
			isa = XCBuildConfiguration;
			buildSettings = {
				ASSETCATALOG_COMPILER_APPICON_NAME = AppIcon;
				ASSETCATALOG_COMPILER_GLOBAL_ACCENT_COLOR_NAME = AccentColor;
				CODE_SIGN_STYLE = Automatic;
				DEVELOPMENT_TEAM = BBK4Y8S9Z5;
				INFOPLIST_FILE = "Tip Calculator/Info.plist";
				LD_RUNPATH_SEARCH_PATHS = (
					"$(inherited)",
					"@executable_path/Frameworks",
				);
				PRODUCT_BUNDLE_IDENTIFIER = "com.facebook.Tip-Calculator";
				PRODUCT_NAME = "$(TARGET_NAME)";
				TARGETED_DEVICE_FAMILY = "1,2";
			};
			name = Release;
		};
		EC6D4B2F268271B10069B293 /* Debug */ = {
			isa = XCBuildConfiguration;
			buildSettings = {
				BUNDLE_LOADER = "$(TEST_HOST)";
				CODE_SIGN_STYLE = Automatic;
				DEVELOPMENT_TEAM = BBK4Y8S9Z5;
				INFOPLIST_FILE = "Tip CalculatorTests/Info.plist";
				IPHONEOS_DEPLOYMENT_TARGET = 14.5;
				LD_RUNPATH_SEARCH_PATHS = (
					"$(inherited)",
					"@executable_path/Frameworks",
					"@loader_path/Frameworks",
				);
				PRODUCT_BUNDLE_IDENTIFIER = "com.facebook.Tip-CalculatorTests";
				PRODUCT_NAME = "$(TARGET_NAME)";
				TARGETED_DEVICE_FAMILY = "1,2";
				TEST_HOST = "$(BUILT_PRODUCTS_DIR)/Tip Calculator.app/Tip Calculator";
			};
			name = Debug;
		};
		EC6D4B30268271B10069B293 /* Release */ = {
			isa = XCBuildConfiguration;
			buildSettings = {
				BUNDLE_LOADER = "$(TEST_HOST)";
				CODE_SIGN_STYLE = Automatic;
				DEVELOPMENT_TEAM = BBK4Y8S9Z5;
				INFOPLIST_FILE = "Tip CalculatorTests/Info.plist";
				IPHONEOS_DEPLOYMENT_TARGET = 14.5;
				LD_RUNPATH_SEARCH_PATHS = (
					"$(inherited)",
					"@executable_path/Frameworks",
					"@loader_path/Frameworks",
				);
				PRODUCT_BUNDLE_IDENTIFIER = "com.facebook.Tip-CalculatorTests";
				PRODUCT_NAME = "$(TARGET_NAME)";
				TARGETED_DEVICE_FAMILY = "1,2";
				TEST_HOST = "$(BUILT_PRODUCTS_DIR)/Tip Calculator.app/Tip Calculator";
			};
			name = Release;
		};
		EC6D4B32268271B10069B293 /* Debug */ = {
			isa = XCBuildConfiguration;
			buildSettings = {
				CODE_SIGN_STYLE = Automatic;
				DEVELOPMENT_TEAM = BBK4Y8S9Z5;
				INFOPLIST_FILE = "Tip CalculatorUITests/Info.plist";
				LD_RUNPATH_SEARCH_PATHS = (
					"$(inherited)",
					"@executable_path/Frameworks",
					"@loader_path/Frameworks",
				);
				PRODUCT_BUNDLE_IDENTIFIER = "com.facebook.Tip-CalculatorUITests";
				PRODUCT_NAME = "$(TARGET_NAME)";
				TARGETED_DEVICE_FAMILY = "1,2";
				TEST_TARGET_NAME = "Tip Calculator";
			};
			name = Debug;
		};
		EC6D4B33268271B10069B293 /* Release */ = {
			isa = XCBuildConfiguration;
			buildSettings = {
				CODE_SIGN_STYLE = Automatic;
				DEVELOPMENT_TEAM = BBK4Y8S9Z5;
				INFOPLIST_FILE = "Tip CalculatorUITests/Info.plist";
				LD_RUNPATH_SEARCH_PATHS = (
					"$(inherited)",
					"@executable_path/Frameworks",
					"@loader_path/Frameworks",
				);
				PRODUCT_BUNDLE_IDENTIFIER = "com.facebook.Tip-CalculatorUITests";
				PRODUCT_NAME = "$(TARGET_NAME)";
				TARGETED_DEVICE_FAMILY = "1,2";
				TEST_TARGET_NAME = "Tip Calculator";
			};
			name = Release;
		};
/* End XCBuildConfiguration section */

/* Begin XCConfigurationList section */
		EC6D4AF7268271B00069B293 /* Build configuration list for PBXProject "Tip Calculator" */ = {
			isa = XCConfigurationList;
			buildConfigurations = (
				EC6D4B29268271B10069B293 /* Debug */,
				EC6D4B2A268271B10069B293 /* Release */,
			);
			defaultConfigurationIsVisible = 0;
			defaultConfigurationName = Release;
		};
		EC6D4B2B268271B10069B293 /* Build configuration list for PBXNativeTarget "Tip Calculator" */ = {
			isa = XCConfigurationList;
			buildConfigurations = (
				EC6D4B2C268271B10069B293 /* Debug */,
				EC6D4B2D268271B10069B293 /* Release */,
			);
			defaultConfigurationIsVisible = 0;
			defaultConfigurationName = Release;
		};
		EC6D4B2E268271B10069B293 /* Build configuration list for PBXNativeTarget "Tip CalculatorTests" */ = {
			isa = XCConfigurationList;
			buildConfigurations = (
				EC6D4B2F268271B10069B293 /* Debug */,
				EC6D4B30268271B10069B293 /* Release */,
			);
			defaultConfigurationIsVisible = 0;
			defaultConfigurationName = Release;
		};
		EC6D4B31268271B10069B293 /* Build configuration list for PBXNativeTarget "Tip CalculatorUITests" */ = {
			isa = XCConfigurationList;
			buildConfigurations = (
				EC6D4B32268271B10069B293 /* Debug */,
				EC6D4B33268271B10069B293 /* Release */,
			);
			defaultConfigurationIsVisible = 0;
			defaultConfigurationName = Release;
		};
/* End XCConfigurationList section */
	};
	rootObject = EC6D4AF4268271B00069B293 /* Project object */;
}
